
Microsoft Visual Studio Solution File, Format Version 12.00
# Visual Studio Version 16
VisualStudioVersion = 16.0.30517.126
MinimumVisualStudioVersion = 10.0.40219.1
Project("{FAE04EC0-301F-11D3-BF4B-00C04F79EFBC}") = "shepard", "shepard\shepard.csproj", "{8F34C128-D032-429F-A526-DE7C04BC76DA}"
EndProject
Global
	GlobalSection(SolutionConfigurationPlatforms) = preSolution
		Debug|Any CPU = Debug|Any CPU
		Release|Any CPU = Release|Any CPU
	EndGlobalSection
	GlobalSection(ProjectConfigurationPlatforms) = postSolution
		{8F34C128-D032-429F-A526-DE7C04BC76DA}.Debug|Any CPU.ActiveCfg = Debug|Any CPU
		{8F34C128-D032-429F-A526-DE7C04BC76DA}.Debug|Any CPU.Build.0 = Debug|Any CPU
		{8F34C128-D032-429F-A526-DE7C04BC76DA}.Release|Any CPU.ActiveCfg = Debug|Any CPU
		{8F34C128-D032-429F-A526-DE7C04BC76DA}.Release|Any CPU.Build.0 = Debug|Any CPU
	EndGlobalSection
	GlobalSection(SolutionProperties) = preSolution
		HideSolutionNode = FALSE
	EndGlobalSection
	GlobalSection(ExtensibilityGlobals) = postSolution
		SolutionGuid = {D8B1C467-B8EC-49AF-9506-728E43EFAE68}
	EndGlobalSection
EndGlobal
